dependencies:
- name: redis
  repository: https://charts.bitnami.com/bitnami
  version: 19.0.1
- name: common
  repository: https://charts.bitnami.com/bitnami
  version: 2.19.0
digest: sha256:23013fd89516c13bf37164f0736c1fcaf8d432c8a822c4689ce73f97ad6a171b
generated: "2024-03-21T10:46:42.388248-04:00"
